github.com/jpg013/go_dom v0.0.0-20191004180946-532b2e732449 h1:VCWfrVMSIuJfzZDQfeeQd/7UbeS46srJP5aLmQD6/kw=
github.com/jpg013/go_dom v0.0.0-20191004180946-532b2e732449/go.mod h1:G+m+oDlQlMxunQvHwVbWCZ1mI0l+c/fv+VMWUwv0ODA=
github.com/jpg013/go_dom v0.0.0-20191004181802-5fd4e0569558 h1:UH5vARAOEEWRi97qS69rWZl/2W2fp3CSBbbWlfzN6u8=
github.com/jpg013/go_dom v0.0.0-20191004181802-5fd4e0569558/go.mod h1:G+m+oDlQlMxunQvHwVbWCZ1mI0l+c/fv+VMWUwv0ODA=
github.com/jpg013/go_dom v0.0.0-20191004182846-4e47b0f0138c h1:6QvpQQYCsnodFEKJAjtqX1Zb/XqzAQ6F88gTEuVVcTI=
github.com/jpg013/go_dom v0.0.0-20191004182846-4e47b0f0138c/go.mod h1:G+m+oDlQlMxunQvHwVbWCZ1mI0l+c/fv+VMWUwv0ODA=
github.com/jpg013/go_dom v0.0.2 h1:4hpX9Te8iUpPk/plPzvDDF4VobtK9a5pS0DC3xBazs4=
github.com/jpg013/go_dom v0.0.2/go.mod h1:G+m+oDlQlMxunQvHwVbWCZ1mI0l+c/fv+VMWUwv0ODA=
github.com/jpg013/go_dom v0.0.3 h1:RqyTFhLhXtwGYxlv3XjExAjSJe9ExH+ID5TGEak0Zas=
github.com/jpg013/go_dom v0.0.3/go.mod h1:G+m+oDlQlMxunQvHwVbWCZ1mI0l+c/fv+VMWUwv0ODA=
github.com/jpg013/go_dom v0.0.4 h1:mOxN3A6kILTgqeziZ6CC5vLM84hDUDKC5qRWV35u3fU=
github.com/jpg013/go_dom v0.0.4/go.mod h1:G+m+oDlQlMxunQvHwVbWCZ1mI0l+c/fv+VMWUwv0ODA=
github.com/jpg013/go_dom v0.0.5 h1:biWnwcHhgSE+3dvNZwqboTvA6di4LhmR4X5qpFSFWbc=
github.com/jpg013/go_dom v0.0.5/go.mod h1:G+m+oDlQlMxunQvHwVbWCZ1mI0l+c/fv+VMWUwv0ODA=
github.com/jpg013/go_dom v0.0.6 h1:TXi+8i2G8CjbzgFDk9SukjTbk1NL0NsTP180GGz/o58=
github.com/jpg013/go_dom v0.0.6/go.mod h1:G+m+oDlQlMxunQvHwVbWCZ1mI0l+c/fv+VMWUwv0ODA=
github.com/rs/xid v1.2.1 h1:mhH9Nq+C1fY2l1XIpgxIiUOfNpRBYH1kKcr+qfKgjRc=
github.com/rs/xid v1.2.1/go.mod h1:+uKXf+4Djp6Md1KODXJxgGQPKngRmWyn10oCKFzNHOQ=
golang.org/x/crypto v0.0.0-20190308221718-c2843e01d9a2/go.mod h1:djNgcEr1/C05ACkg1iLfiJU5Ep61QUkGW8qpdssI0+w=
golang.org/x/net v0.0.0-20191003171128-d98b1b443823 h1:Ypyv6BNJh07T1pUSrehkLemqPKXhus2MkfktJ91kRh4=
golang.org/x/net v0.0.0-20191003171128-d98b1b443823/go.mod h1:z5CRVTTTmAJ677TzLLGU+0bjPO0LkuOLi4/5GtJWs/s=
golang.org/x/sys v0.0.0-20190215142949-d0b11bdaac8a/go.mod h1:STP8DvDyc/dI5b8T5hshtkjS+E42TnysNCUPdjciGhY=
golang.org/x/text v0.3.0/go.mod h1:NqM8EUOU14njkJ3fqMW+pc6Ldnwhi/IjpwHt7yyuwOQ=
